
Microsoft Visual Studio Solution File, Format Version 12.00
# Visual Studio Version 17
VisualStudioVersion = 17.3.32901.215
MinimumVisualStudioVersion = 10.0.40219.1
Project("{FAE04EC0-301F-11D3-BF4B-00C04F79EFBC}") = "Escape-Room", "Escape-Room.csproj", "{8ABE3D97-A598-4B58-BC59-65E206B8F38B}"
EndProject
Global
	GlobalSection(SolutionConfigurationPlatforms) = preSolution
		Debug|Any CPU = Debug|Any CPU
		Release|Any CPU = Release|Any CPU
	EndGlobalSection
	GlobalSection(ProjectConfigurationPlatforms) = postSolution
		{8ABE3D97-A598-4B58-BC59-65E206B8F38B}.Debug|Any CPU.ActiveCfg = Debug|Any CPU
		{8ABE3D97-A598-4B58-BC59-65E206B8F38B}.Debug|Any CPU.Build.0 = Debug|Any CPU
		{8ABE3D97-A598-4B58-BC59-65E206B8F38B}.Release|Any CPU.ActiveCfg = Release|Any CPU
		{8ABE3D97-A598-4B58-BC59-65E206B8F38B}.Release|Any CPU.Build.0 = Release|Any CPU
	EndGlobalSection
	GlobalSection(SolutionProperties) = preSolution
		HideSolutionNode = FALSE
	EndGlobalSection
	GlobalSection(ExtensibilityGlobals) = postSolution
		SolutionGuid = {F31DBA1A-8D17-45EE-A551-1D5DDD71C911}
	EndGlobalSection
EndGlobal
